
Microsoft Visual Studio Solution File, Format Version 12.00
# Visual Studio Version 17
VisualStudioVersion = 17.8.34322.80
MinimumVisualStudioVersion = 10.0.40219.1
Project("{FAE04EC0-301F-11D3-BF4B-00C04F79EFBC}") = "CRUD_LINQ", "CRUD_LINQ.csproj", "{0033F76E-32B2-4998-A4FB-0E8493820882}"
EndProject
Global
	GlobalSection(SolutionConfigurationPlatforms) = preSolution
		Debug|Any CPU = Debug|Any CPU
		Release|Any CPU = Release|Any CPU
	EndGlobalSection
	GlobalSection(ProjectConfigurationPlatforms) = postSolution
		{0033F76E-32B2-4998-A4FB-0E8493820882}.Debug|Any CPU.ActiveCfg = Debug|Any CPU
		{0033F76E-32B2-4998-A4FB-0E8493820882}.Debug|Any CPU.Build.0 = Debug|Any CPU
		{0033F76E-32B2-4998-A4FB-0E8493820882}.Release|Any CPU.ActiveCfg = Release|Any CPU
		{0033F76E-32B2-4998-A4FB-0E8493820882}.Release|Any CPU.Build.0 = Release|Any CPU
	EndGlobalSection
	GlobalSection(SolutionProperties) = preSolution
		HideSolutionNode = FALSE
	EndGlobalSection
	GlobalSection(ExtensibilityGlobals) = postSolution
		SolutionGuid = {9F7AD355-0773-4A55-B1F8-3103C05006FB}
	EndGlobalSection
EndGlobal
