
Microsoft Visual Studio Solution File, Format Version 12.00
# Visual Studio Version 17
VisualStudioVersion = 17.8.34322.80
MinimumVisualStudioVersion = 10.0.40219.1
Project("{FAE04EC0-301F-11D3-BF4B-00C04F79EFBC}") = "BBDD SQLServer", "BBDD SQLServer.csproj", "{435153B2-FF4C-4951-94D4-536131B814FF}"
EndProject
Global
	GlobalSection(SolutionConfigurationPlatforms) = preSolution
		Debug|Any CPU = Debug|Any CPU
		Release|Any CPU = Release|Any CPU
	EndGlobalSection
	GlobalSection(ProjectConfigurationPlatforms) = postSolution
		{435153B2-FF4C-4951-94D4-536131B814FF}.Debug|Any CPU.ActiveCfg = Debug|Any CPU
		{435153B2-FF4C-4951-94D4-536131B814FF}.Debug|Any CPU.Build.0 = Debug|Any CPU
		{435153B2-FF4C-4951-94D4-536131B814FF}.Release|Any CPU.ActiveCfg = Release|Any CPU
		{435153B2-FF4C-4951-94D4-536131B814FF}.Release|Any CPU.Build.0 = Release|Any CPU
	EndGlobalSection
	GlobalSection(SolutionProperties) = preSolution
		HideSolutionNode = FALSE
	EndGlobalSection
	GlobalSection(ExtensibilityGlobals) = postSolution
		SolutionGuid = {D283FE72-FE6F-407D-B644-7E4735D7C186}
	EndGlobalSection
EndGlobal
